
Microsoft Visual Studio Solution File, Format Version 12.00
# Visual Studio Version 17
VisualStudioVersion = 17.2.32630.192
MinimumVisualStudioVersion = 10.0.40219.1
Project("{9A19103F-16F7-4668-BE54-9A1E7A4F7556}") = "RoomNumber", "RoomNumber.csproj", "{7BF41255-20DD-4AC2-9C1E-10B2563D719F}"
EndProject
Project("{FAE04EC0-301F-11D3-BF4B-00C04F79EFBC}") = "RoomNumberTest", "..\RoomNumberTest\RoomNumberTest.csproj", "{305E639C-E56C-45EC-93D8-3FDB04575461}"
EndProject
Global
	GlobalSection(SolutionConfigurationPlatforms) = preSolution
		Debug|Any CPU = Debug|Any CPU
		Release|Any CPU = Release|Any CPU
	EndGlobalSection
	GlobalSection(ProjectConfigurationPlatforms) = postSolution
		{7BF41255-20DD-4AC2-9C1E-10B2563D719F}.Debug|Any CPU.ActiveCfg = Debug|Any CPU
		{7BF41255-20DD-4AC2-9C1E-10B2563D719F}.Debug|Any CPU.Build.0 = Debug|Any CPU
		{7BF41255-20DD-4AC2-9C1E-10B2563D719F}.Release|Any CPU.ActiveCfg = Release|Any CPU
		{7BF41255-20DD-4AC2-9C1E-10B2563D719F}.Release|Any CPU.Build.0 = Release|Any CPU
		{305E639C-E56C-45EC-93D8-3FDB04575461}.Debug|Any CPU.ActiveCfg = Debug|Any CPU
		{305E639C-E56C-45EC-93D8-3FDB04575461}.Debug|Any CPU.Build.0 = Debug|Any CPU
		{305E639C-E56C-45EC-93D8-3FDB04575461}.Release|Any CPU.ActiveCfg = Release|Any CPU
		{305E639C-E56C-45EC-93D8-3FDB04575461}.Release|Any CPU.Build.0 = Release|Any CPU
	EndGlobalSection
	GlobalSection(SolutionProperties) = preSolution
		HideSolutionNode = FALSE
	EndGlobalSection
	GlobalSection(ExtensibilityGlobals) = postSolution
		SolutionGuid = {F998DC0C-BF7B-4486-A12B-3D408FB56CBE}
	EndGlobalSection
EndGlobal
